// !$*UTF8*$!
{
	archiveVersion = 1;
	classes = {
	};
	objectVersion = 55;
	objects = {

/* Begin PBXBuildFile section */
		CC17CBAC2820690F00940B59 /* AppDelegate.swift in Sources */ = {isa = PBXBuildFile; fileRef = CC17CBAB2820690F00940B59 /* AppDelegate.swift */; };
		CC17CBAE2820690F00940B59 /* SceneDelegate.swift in Sources */ = {isa = PBXBuildFile; fileRef = CC17CBAD2820690F00940B59 /* SceneDelegate.swift */; };
		CC17CBB02820690F00940B59 /* MainViewController.swift in Sources */ = {isa = PBXBuildFile; fileRef = CC17CBAF2820690F00940B59 /* MainViewController.swift */; };
		CC17CBB52820691200940B59 /* Assets.xcassets in Resources */ = {isa = PBXBuildFile; fileRef = CC17CBB42820691200940B59 /* Assets.xcassets */; };
		CC17CBC3282069C500940B59 /* NetworkManager.swift in Sources */ = {isa = PBXBuildFile; fileRef = CC17CBC2282069C500940B59 /* NetworkManager.swift */; };
		CC17CBC5282069D700940B59 /* StorageManager.swift in Sources */ = {isa = PBXBuildFile; fileRef = CC17CBC4282069D700940B59 /* StorageManager.swift */; };
		CC17CBC728206A2300940B59 /* ImgCacheManager.swift in Sources */ = {isa = PBXBuildFile; fileRef = CC17CBC628206A2300940B59 /* ImgCacheManager.swift */; };
		CC17CBCA28206C1800940B59 /* MainTabBarController.swift in Sources */ = {isa = PBXBuildFile; fileRef = CC17CBC928206C1800940B59 /* MainTabBarController.swift */; };
		CC17CBCD28206D4500940B59 /* FavoriteViewController.swift in Sources */ = {isa = PBXBuildFile; fileRef = CC17CBCC28206D4500940B59 /* FavoriteViewController.swift */; };
		CC17CBD02820732500940B59 /* DetailViewController.swift in Sources */ = {isa = PBXBuildFile; fileRef = CC17CBCF2820732500940B59 /* DetailViewController.swift */; };
		CC17CBD4282079E300940B59 /* MainTableViewCell.swift in Sources */ = {isa = PBXBuildFile; fileRef = CC17CBD3282079E300940B59 /* MainTableViewCell.swift */; };
/* End PBXBuildFile section */

/* Begin PBXFileReference section */
		CC17CBA82820690F00940B59 /* Seek Photo.app */ = {isa = PBXFileReference; explicitFileType = wrapper.application; includeInIndex = 0; path = "Seek Photo.app"; sourceTree = BUILT_PRODUCTS_DIR; };
		CC17CBAB2820690F00940B59 /* AppDelegate.swift */ = {isa = PBXFileReference; lastKnownFileType = sourcecode.swift; path = AppDelegate.swift; sourceTree = "<group>"; };
		CC17CBAD2820690F00940B59 /* SceneDelegate.swift */ = {isa = PBXFileReference; lastKnownFileType = sourcecode.swift; path = SceneDelegate.swift; sourceTree = "<group>"; };
		CC17CBAF2820690F00940B59 /* MainViewController.swift */ = {isa = PBXFileReference; lastKnownFileType = sourcecode.swift; path = MainViewController.swift; sourceTree = "<group>"; };
		CC17CBB42820691200940B59 /* Assets.xcassets */ = {isa = PBXFileReference; lastKnownFileType = folder.assetcatalog; path = Assets.xcassets; sourceTree = "<group>"; };
		CC17CBB92820691200940B59 /* Info.plist */ = {isa = PBXFileReference; lastKnownFileType = text.plist.xml; path = Info.plist; sourceTree = "<group>"; };
		CC17CBC2282069C500940B59 /* NetworkManager.swift */ = {isa = PBXFileReference; lastKnownFileType = sourcecode.swift; path = NetworkManager.swift; sourceTree = "<group>"; };
		CC17CBC4282069D700940B59 /* StorageManager.swift */ = {isa = PBXFileReference; lastKnownFileType = sourcecode.swift; path = StorageManager.swift; sourceTree = "<group>"; };
		CC17CBC628206A2300940B59 /* ImgCacheManager.swift */ = {isa = PBXFileReference; lastKnownFileType = sourcecode.swift; path = ImgCacheManager.swift; sourceTree = "<group>"; };
		CC17CBC928206C1800940B59 /* MainTabBarController.swift */ = {isa = PBXFileReference; lastKnownFileType = sourcecode.swift; path = MainTabBarController.swift; sourceTree = "<group>"; };
		CC17CBCC28206D4500940B59 /* FavoriteViewController.swift */ = {isa = PBXFileReference; lastKnownFileType = sourcecode.swift; path = FavoriteViewController.swift; sourceTree = "<group>"; };
		CC17CBCF2820732500940B59 /* DetailViewController.swift */ = {isa = PBXFileReference; lastKnownFileType = sourcecode.swift; path = DetailViewController.swift; sourceTree = "<group>"; };
		CC17CBD3282079E300940B59 /* MainTableViewCell.swift */ = {isa = PBXFileReference; lastKnownFileType = sourcecode.swift; path = MainTableViewCell.swift; sourceTree = "<group>"; };
/* End PBXFileReference section */

/* Begin PBXFrameworksBuildPhase section */
		CC17CBA52820690F00940B59 /* Frameworks */ = {
			isa = PBXFrameworksBuildPhase;
			buildActionMask = 2147483647;
			files = (
			);
			runOnlyForDeploymentPostprocessing = 0;
		};
/* End PBXFrameworksBuildPhase section */

/* Begin PBXGroup section */
		CC17CB9F2820690F00940B59 = {
			isa = PBXGroup;
			children = (
				CC17CBAA2820690F00940B59 /* Seek Photo */,
				CC17CBA92820690F00940B59 /* Products */,
			);
			sourceTree = "<group>";
		};
		CC17CBA92820690F00940B59 /* Products */ = {
			isa = PBXGroup;
			children = (
				CC17CBA82820690F00940B59 /* Seek Photo.app */,
			);
			name = Products;
			sourceTree = "<group>";
		};
		CC17CBAA2820690F00940B59 /* Seek Photo */ = {
			isa = PBXGroup;
			children = (
				CC17CBCB28206C2300940B59 /* TabBarModule */,
				CC17CBBF2820694E00940B59 /* MainModule */,
				CC17CBCE28206D5500940B59 /* FavoriteModule */,
				CC17CBD12820732900940B59 /* DetailModule */,
				CC17CBC828206A2F00940B59 /* Services */,
				CC17CBC12820699600940B59 /* Resources */,
				CC17CBC02820695F00940B59 /* SupportFiles */,
			);
			path = "Seek Photo";
			sourceTree = "<group>";
		};
		CC17CBBF2820694E00940B59 /* MainModule */ = {
			isa = PBXGroup;
			children = (
				CC17CBD2282079C100940B59 /* Cell */,
				CC17CBAF2820690F00940B59 /* MainViewController.swift */,
			);
			path = MainModule;
			sourceTree = "<group>";
		};
		CC17CBC02820695F00940B59 /* SupportFiles */ = {
			isa = PBXGroup;
			children = (
				CC17CBAB2820690F00940B59 /* AppDelegate.swift */,
				CC17CBAD2820690F00940B59 /* SceneDelegate.swift */,
				CC17CBB92820691200940B59 /* Info.plist */,
			);
			path = SupportFiles;
			sourceTree = "<group>";
		};
		CC17CBC12820699600940B59 /* Resources */ = {
			isa = PBXGroup;
			children = (
				CC17CBB42820691200940B59 /* Assets.xcassets */,
			);
			path = Resources;
			sourceTree = "<group>";
		};
		CC17CBC828206A2F00940B59 /* Services */ = {
			isa = PBXGroup;
			children = (
				CC17CBC2282069C500940B59 /* NetworkManager.swift */,
				CC17CBC4282069D700940B59 /* StorageManager.swift */,
				CC17CBC628206A2300940B59 /* ImgCacheManager.swift */,
			);
			path = Services;
			sourceTree = "<group>";
		};
		CC17CBCB28206C2300940B59 /* TabBarModule */ = {
			isa = PBXGroup;
			children = (
				CC17CBC928206C1800940B59 /* MainTabBarController.swift */,
			);
			path = TabBarModule;
			sourceTree = "<group>";
		};
		CC17CBCE28206D5500940B59 /* FavoriteModule */ = {
			isa = PBXGroup;
			children = (
				CC17CBCC28206D4500940B59 /* FavoriteViewController.swift */,
			);
			path = FavoriteModule;
			sourceTree = "<group>";
		};
		CC17CBD12820732900940B59 /* DetailModule */ = {
			isa = PBXGroup;
			children = (
				CC17CBCF2820732500940B59 /* DetailViewController.swift */,
			);
			path = DetailModule;
			sourceTree = "<group>";
		};
		CC17CBD2282079C100940B59 /* Cell */ = {
			isa = PBXGroup;
			children = (
				CC17CBD3282079E300940B59 /* MainTableViewCell.swift */,
			);
			path = Cell;
			sourceTree = "<group>";
		};
/* End PBXGroup section */

/* Begin PBXNativeTarget section */
		CC17CBA72820690F00940B59 /* Seek Photo */ = {
			isa = PBXNativeTarget;
			buildConfigurationList = CC17CBBC2820691200940B59 /* Build configuration list for PBXNativeTarget "Seek Photo" */;
			buildPhases = (
				CC17CBA42820690F00940B59 /* Sources */,
				CC17CBA52820690F00940B59 /* Frameworks */,
				CC17CBA62820690F00940B59 /* Resources */,
			);
			buildRules = (
			);
			dependencies = (
			);
			name = "Seek Photo";
			productName = "Seek Photo";
			productReference = CC17CBA82820690F00940B59 /* Seek Photo.app */;
			productType = "com.apple.product-type.application";
		};
/* End PBXNativeTarget section */

/* Begin PBXProject section */
		CC17CBA02820690F00940B59 /* Project object */ = {
			isa = PBXProject;
			attributes = {
				BuildIndependentTargetsInParallel = 1;
				LastSwiftUpdateCheck = 1330;
				LastUpgradeCheck = 1330;
				TargetAttributes = {
					CC17CBA72820690F00940B59 = {
						CreatedOnToolsVersion = 13.3;
					};
				};
			};
			buildConfigurationList = CC17CBA32820690F00940B59 /* Build configuration list for PBXProject "Seek Photo" */;
			compatibilityVersion = "Xcode 13.0";
			developmentRegion = en;
			hasScannedForEncodings = 0;
			knownRegions = (
				en,
				Base,
			);
			mainGroup = CC17CB9F2820690F00940B59;
			productRefGroup = CC17CBA92820690F00940B59 /* Products */;
			projectDirPath = "";
			projectRoot = "";
			targets = (
				CC17CBA72820690F00940B59 /* Seek Photo */,
			);
		};
/* End PBXProject section */

/* Begin PBXResourcesBuildPhase section */
		CC17CBA62820690F00940B59 /* Resources */ = {
			isa = PBXResourcesBuildPhase;
			buildActionMask = 2147483647;
			files = (
				CC17CBB52820691200940B59 /* Assets.xcassets in Resources */,
			);
			runOnlyForDeploymentPostprocessing = 0;
		};
/* End PBXResourcesBuildPhase section */

/* Begin PBXSourcesBuildPhase section */
		CC17CBA42820690F00940B59 /* Sources */ = {
			isa = PBXSourcesBuildPhase;
			buildActionMask = 2147483647;
			files = (
				CC17CBD02820732500940B59 /* DetailViewController.swift in Sources */,
				CC17CBC3282069C500940B59 /* NetworkManager.swift in Sources */,
				CC17CBB02820690F00940B59 /* MainViewController.swift in Sources */,
				CC17CBC5282069D700940B59 /* StorageManager.swift in Sources */,
				CC17CBD4282079E300940B59 /* MainTableViewCell.swift in Sources */,
				CC17CBCA28206C1800940B59 /* MainTabBarController.swift in Sources */,
				CC17CBAC2820690F00940B59 /* AppDelegate.swift in Sources */,
				CC17CBC728206A2300940B59 /* ImgCacheManager.swift in Sources */,
				CC17CBCD28206D4500940B59 /* FavoriteViewController.swift in Sources */,
				CC17CBAE2820690F00940B59 /* SceneDelegate.swift in Sources */,
			);
			runOnlyForDeploymentPostprocessing = 0;
		};
/* End PBXSourcesBuildPhase section */

/* Begin XCBuildConfiguration section */
		CC17CBBA2820691200940B59 /* Debug */ = {
			isa = XCBuildConfiguration;
			buildSettings = {
				ALWAYS_SEARCH_USER_PATHS = NO;
				CLANG_ANALYZER_NONNULL = YES;
				CLANG_ANALYZER_NUMBER_OBJECT_CONVERSION = YES_AGGRESSIVE;
				CLANG_CXX_LANGUAGE_STANDARD = "gnu++17";
				CLANG_ENABLE_MODULES = YES;
				CLANG_ENABLE_OBJC_ARC = YES;
				CLANG_ENABLE_OBJC_WEAK = YES;
				CLANG_WARN_BLOCK_CAPTURE_AUTORELEASING = YES;
				CLANG_WARN_BOOL_CONVERSION = YES;
				CLANG_WARN_COMMA = YES;
				CLANG_WARN_CONSTANT_CONVERSION = YES;
				CLANG_WARN_DEPRECATED_OBJC_IMPLEMENTATIONS = YES;
				CLANG_WARN_DIRECT_OBJC_ISA_USAGE = YES_ERROR;
				CLANG_WARN_DOCUMENTATION_COMMENTS = YES;
				CLANG_WARN_EMPTY_BODY = YES;
				CLANG_WARN_ENUM_CONVERSION = YES;
				CLANG_WARN_INFINITE_RECURSION = YES;
				CLANG_WARN_INT_CONVERSION = YES;
				CLANG_WARN_NON_LITERAL_NULL_CONVERSION = YES;
				CLANG_WARN_OBJC_IMPLICIT_RETAIN_SELF = YES;
				CLANG_WARN_OBJC_LITERAL_CONVERSION = YES;
				CLANG_WARN_OBJC_ROOT_CLASS = YES_ERROR;
				CLANG_WARN_QUOTED_INCLUDE_IN_FRAMEWORK_HEADER = YES;
				CLANG_WARN_RANGE_LOOP_ANALYSIS = YES;
				CLANG_WARN_STRICT_PROTOTYPES = YES;
				CLANG_WARN_SUSPICIOUS_MOVE = YES;
				CLANG_WARN_UNGUARDED_AVAILABILITY = YES_AGGRESSIVE;
				CLANG_WARN_UNREACHABLE_CODE = YES;
				CLANG_WARN__DUPLICATE_METHOD_MATCH = YES;
				COPY_PHASE_STRIP = NO;
				DEBUG_INFORMATION_FORMAT = dwarf;
				ENABLE_STRICT_OBJC_MSGSEND = YES;
				ENABLE_TESTABILITY = YES;
				GCC_C_LANGUAGE_STANDARD = gnu11;
				GCC_DYNAMIC_NO_PIC = NO;
				GCC_NO_COMMON_BLOCKS = YES;
				GCC_OPTIMIZATION_LEVEL = 0;
				GCC_PREPROCESSOR_DEFINITIONS = (
					"DEBUG=1",
					"$(inherited)",
				);
				GCC_WARN_64_TO_32_BIT_CONVERSION = YES;
				GCC_WARN_ABOUT_RETURN_TYPE = YES_ERROR;
				GCC_WARN_UNDECLARED_SELECTOR = YES;
				GCC_WARN_UNINITIALIZED_AUTOS = YES_AGGRESSIVE;
				GCC_WARN_UNUSED_FUNCTION = YES;
				GCC_WARN_UNUSED_VARIABLE = YES;
				IPHONEOS_DEPLOYMENT_TARGET = 15.4;
				MTL_ENABLE_DEBUG_INFO = INCLUDE_SOURCE;
				MTL_FAST_MATH = YES;
				ONLY_ACTIVE_ARCH = YES;
				SDKROOT = iphoneos;
				SWIFT_ACTIVE_COMPILATION_CONDITIONS = DEBUG;
				SWIFT_OPTIMIZATION_LEVEL = "-Onone";
			};
			name = Debug;
		};
		CC17CBBB2820691200940B59 /* Release */ = {
			isa = XCBuildConfiguration;
			buildSettings = {
				ALWAYS_SEARCH_USER_PATHS = NO;
				CLANG_ANALYZER_NONNULL = YES;
				CLANG_ANALYZER_NUMBER_OBJECT_CONVERSION = YES_AGGRESSIVE;
				CLANG_CXX_LANGUAGE_STANDARD = "gnu++17";
				CLANG_ENABLE_MODULES = YES;
				CLANG_ENABLE_OBJC_ARC = YES;
				CLANG_ENABLE_OBJC_WEAK = YES;
				CLANG_WARN_BLOCK_CAPTURE_AUTORELEASING = YES;
				CLANG_WARN_BOOL_CONVERSION = YES;
				CLANG_WARN_COMMA = YES;
				CLANG_WARN_CONSTANT_CONVERSION = YES;
				CLANG_WARN_DEPRECATED_OBJC_IMPLEMENTATIONS = YES;
				CLANG_WARN_DIRECT_OBJC_ISA_USAGE = YES_ERROR;
				CLANG_WARN_DOCUMENTATION_COMMENTS = YES;
				CLANG_WARN_EMPTY_BODY = YES;
				CLANG_WARN_ENUM_CONVERSION = YES;
				CLANG_WARN_INFINITE_RECURSION = YES;
				CLANG_WARN_INT_CONVERSION = YES;
				CLANG_WARN_NON_LITERAL_NULL_CONVERSION = YES;
				CLANG_WARN_OBJC_IMPLICIT_RETAIN_SELF = YES;
				CLANG_WARN_OBJC_LITERAL_CONVERSION = YES;
				CLANG_WARN_OBJC_ROOT_CLASS = YES_ERROR;
				CLANG_WARN_QUOTED_INCLUDE_IN_FRAMEWORK_HEADER = YES;
				CLANG_WARN_RANGE_LOOP_ANALYSIS = YES;
				CLANG_WARN_STRICT_PROTOTYPES = YES;
				CLANG_WARN_SUSPICIOUS_MOVE = YES;
				CLANG_WARN_UNGUARDED_AVAILABILITY = YES_AGGRESSIVE;
				CLANG_WARN_UNREACHABLE_CODE = YES;
				CLANG_WARN__DUPLICATE_METHOD_MATCH = YES;
				COPY_PHASE_STRIP = NO;
				DEBUG_INFORMATION_FORMAT = "dwarf-with-dsym";
				ENABLE_NS_ASSERTIONS = NO;
				ENABLE_STRICT_OBJC_MSGSEND = YES;
				GCC_C_LANGUAGE_STANDARD = gnu11;
				GCC_NO_COMMON_BLOCKS = YES;
				GCC_WARN_64_TO_32_BIT_CONVERSION = YES;
				GCC_WARN_ABOUT_RETURN_TYPE = YES_ERROR;
				GCC_WARN_UNDECLARED_SELECTOR = YES;
				GCC_WARN_UNINITIALIZED_AUTOS = YES_AGGRESSIVE;
				GCC_WARN_UNUSED_FUNCTION = YES;
				GCC_WARN_UNUSED_VARIABLE = YES;
				IPHONEOS_DEPLOYMENT_TARGET = 15.4;
				MTL_ENABLE_DEBUG_INFO = NO;
				MTL_FAST_MATH = YES;
				SDKROOT = iphoneos;
				SWIFT_COMPILATION_MODE = wholemodule;
				SWIFT_OPTIMIZATION_LEVEL = "-O";
				VALIDATE_PRODUCT = YES;
			};
			name = Release;
		};
		CC17CBBD2820691200940B59 /* Debug */ = {
			isa = XCBuildConfiguration;
			buildSettings = {
				ASSETCATALOG_COMPILER_APPICON_NAME = AppIcon;
				ASSETCATALOG_COMPILER_GLOBAL_ACCENT_COLOR_NAME = AccentColor;
				CODE_SIGN_STYLE = Automatic;
				CURRENT_PROJECT_VERSION = 1;
				GENERATE_INFOPLIST_FILE = YES;
				INFOPLIST_FILE = "Seek Photo/SupportFiles/Info.plist";
				INFOPLIST_KEY_UIApplicationSupportsIndirectInputEvents = YES;
				INFOPLIST_KEY_UILaunchStoryboardName = LaunchScreen;
				INFOPLIST_KEY_UISupportedInterfaceOrientations_iPad = "UIInterfaceOrientationPortrait UIInterfaceOrientationPortraitUpsideDown UIInterfaceOrientationLandscapeLeft UIInterfaceOrientationLandscapeRight";
				INFOPLIST_KEY_UISupportedInterfaceOrientations_iPhone = "UIInterfaceOrientationPortrait UIInterfaceOrientationLandscapeLeft UIInterfaceOrientationLandscapeRight";
				LD_RUNPATH_SEARCH_PATHS = (
					"$(inherited)",
					"@executable_path/Frameworks",
				);
				MARKETING_VERSION = 1.0;
				PRODUCT_BUNDLE_IDENTIFIER = "com.arch.Seek-Photo";
				PRODUCT_NAME = "$(TARGET_NAME)";
				SWIFT_EMIT_LOC_STRINGS = YES;
				SWIFT_VERSION = 5.0;
				TARGETED_DEVICE_FAMILY = "1,2";
			};
			name = Debug;
		};
		CC17CBBE2820691200940B59 /* Release */ = {
			isa = XCBuildConfiguration;
			buildSettings = {
				ASSETCATALOG_COMPILER_APPICON_NAME = AppIcon;
				ASSETCATALOG_COMPILER_GLOBAL_ACCENT_COLOR_NAME = AccentColor;
				CODE_SIGN_STYLE = Automatic;
				CURRENT_PROJECT_VERSION = 1;
				GENERATE_INFOPLIST_FILE = YES;
				INFOPLIST_FILE = "Seek Photo/SupportFiles/Info.plist";
				INFOPLIST_KEY_UIApplicationSupportsIndirectInputEvents = YES;
				INFOPLIST_KEY_UILaunchStoryboardName = LaunchScreen;
				INFOPLIST_KEY_UISupportedInterfaceOrientations_iPad = "UIInterfaceOrientationPortrait UIInterfaceOrientationPortraitUpsideDown UIInterfaceOrientationLandscapeLeft UIInterfaceOrientationLandscapeRight";
				INFOPLIST_KEY_UISupportedInterfaceOrientations_iPhone = "UIInterfaceOrientationPortrait UIInterfaceOrientationLandscapeLeft UIInterfaceOrientationLandscapeRight";
				LD_RUNPATH_SEARCH_PATHS = (
					"$(inherited)",
					"@executable_path/Frameworks",
				);
				MARKETING_VERSION = 1.0;
				PRODUCT_BUNDLE_IDENTIFIER = "com.arch.Seek-Photo";
				PRODUCT_NAME = "$(TARGET_NAME)";
				SWIFT_EMIT_LOC_STRINGS = YES;
				SWIFT_VERSION = 5.0;
				TARGETED_DEVICE_FAMILY = "1,2";
			};
			name = Release;
		};
/* End XCBuildConfiguration section */

/* Begin XCConfigurationList section */
		CC17CBA32820690F00940B59 /* Build configuration list for PBXProject "Seek Photo" */ = {
			isa = XCConfigurationList;
			buildConfigurations = (
				CC17CBBA2820691200940B59 /* Debug */,
				CC17CBBB2820691200940B59 /* Release */,
			);
			defaultConfigurationIsVisible = 0;
			defaultConfigurationName = Release;
		};
		CC17CBBC2820691200940B59 /* Build configuration list for PBXNativeTarget "Seek Photo" */ = {
			isa = XCConfigurationList;
			buildConfigurations = (
				CC17CBBD2820691200940B59 /* Debug */,
				CC17CBBE2820691200940B59 /* Release */,
			);
			defaultConfigurationIsVisible = 0;
			defaultConfigurationName = Release;
		};
/* End XCConfigurationList section */
	};
	rootObject = CC17CBA02820690F00940B59 /* Project object */;
}
